<?xml version="1.0" encoding="utf-8"?>
<Project ToolsVersion="4.0" xmlns="http://schemas.microsoft.com/developer/msbuild/2003">
  <ItemGroup>
    <Filter Include="Source Files">
      <UniqueIdentifier>{4FC737F1-C7A5-4376-A066-2A32D752A2FF}</UniqueIdentifier>
      <Extensions>cpp;c;cc;cxx;def;odl;idl;hpj;bat;asm;asmx</Extensions>
    </Filter>
    <Filter Include="Header Files">
      <UniqueIdentifier>{93995380-89BD-4b04-88EB-625FBE52EBFB}</UniqueIdentifier>
      <Extensions>h;hpp;hxx;hm;inl;inc;xsd</Extensions>
    </Filter>
    <Filter Include="Resource Files">
      <UniqueIdentifier>{67DA6AB6-F800-4c08-8B7A-83BB121AAD01}</UniqueIdentifier>
      <Extensions>rc;ico;cur;bmp;dlg;rc2;rct;bin;rgs;gif;jpg;jpeg;jpe;resx;tiff;tif;png;wav;mfcribbon-ms</Extensions>
    </Filter>
    <Filter Include="Source Files\Periods">
      <UniqueIdentifier>{e47bc6ea-6660-41ce-beb9-db4e871d844f}</UniqueIdentifier>
    </Filter>
    <Filter Include="Header Files\Periods">
      <UniqueIdentifier>{8c4ac788-a7b5-49a7-b1b5-473693369fc3}</UniqueIdentifier>
    </Filter>
    <Filter Include="Header Files\StdCore">
      <UniqueIdentifier>{82271d4c-f541-4a48-b1eb-e96b407e5361}</UniqueIdentifier>
    </Filter>
  </ItemGroup>
  <ItemGroup>
    <Text Include="ReadMe.txt" />
  </ItemGroup>
  <ItemGroup>
    <ClCompile Include="Payrollee.Common.cpp">
      <Filter>Source Files</Filter>
    </ClCompile>
    <ClCompile Include="stdafx.cpp">
      <Filter>Source Files</Filter>
    </ClCompile>
    <ClCompile Include="MonthPeriod.cpp">
      <Filter>Source Files\Periods</Filter>
    </ClCompile>
    <ClCompile Include="SpanOfMonths.cpp">
      <Filter>Source Files\Periods</Filter>
    </ClCompile>
    <ClCompile Include="SpanOfYears.cpp">
      <Filter>Source Files\Periods</Filter>
    </ClCompile>
    <ClCompile Include="SeqOfYears.cpp">
      <Filter>Source Files\Periods</Filter>
    </ClCompile>
  </ItemGroup>
  <ItemGroup>
    <ClInclude Include="Payrollee.Common.h">
      <Filter>Header Files</Filter>
    </ClInclude>
    <ClInclude Include="stdafx.h">
      <Filter>Header Files</Filter>
    </ClInclude>
    <ClInclude Include="targetver.h">
      <Filter>Header Files</Filter>
    </ClInclude>
    <ClInclude Include="Resource.h">
      <Filter>Header Files</Filter>
    </ClInclude>
    <ClInclude Include="MonthPeriod.h">
      <Filter>Header Files\Periods</Filter>
    </ClInclude>
    <ClInclude Include="SpanOfMonths.h">
      <Filter>Header Files\Periods</Filter>
    </ClInclude>
    <ClInclude Include="SpanOfYears.h">
      <Filter>Header Files\Periods</Filter>
    </ClInclude>
    <ClInclude Include="SeqOfYears.h">
      <Filter>Header Files\Periods</Filter>
    </ClInclude>
    <ClInclude Include="stdfunctions.h">
      <Filter>Header Files\StdCore</Filter>
    </ClInclude>
  </ItemGroup>
  <ItemGroup>
    <None Include="Payrollee.Common.def">
      <Filter>Source Files</Filter>
    </None>
    <None Include="res\PayrolleCommon.rc2">
      <Filter>Resource Files</Filter>
    </None>
  </ItemGroup>
  <ItemGroup>
    <ResourceCompile Include="Payrollee.Common.rc">
      <Filter>Resource Files</Filter>
    </ResourceCompile>
  </ItemGroup>
</Project>